
Microsoft Visual Studio Solution File, Format Version 12.00
# Visual Studio 15
Project("{FAE04EC0-301F-11D3-BF4B-00C04F79EFBC}") = "ballPhysics", "Assembly-CSharp.csproj", "{88FBDA7B-5D48-EB2E-FA22-91E5145E964E}"
EndProject
Project("{FAE04EC0-301F-11D3-BF4B-00C04F79EFBC}") = "ballPhysics", "Assembly-CSharp-Editor.csproj", "{D61262DA-1885-9881-E23E-D523896725AA}"
EndProject
Global
	GlobalSection(SolutionConfigurationPlatforms) = preSolution
		Debug|Any CPU = Debug|Any CPU
		Release|Any CPU = Release|Any CPU
	EndGlobalSection
	GlobalSection(ProjectConfigurationPlatforms) = postSolution
		{88FBDA7B-5D48-EB2E-FA22-91E5145E964E}.Debug|Any CPU.ActiveCfg = Debug|Any CPU
		{88FBDA7B-5D48-EB2E-FA22-91E5145E964E}.Debug|Any CPU.Build.0 = Debug|Any CPU
		{88FBDA7B-5D48-EB2E-FA22-91E5145E964E}.Release|Any CPU.ActiveCfg = Release|Any CPU
		{88FBDA7B-5D48-EB2E-FA22-91E5145E964E}.Release|Any CPU.Build.0 = Release|Any CPU
		{D61262DA-1885-9881-E23E-D523896725AA}.Debug|Any CPU.ActiveCfg = Debug|Any CPU
		{D61262DA-1885-9881-E23E-D523896725AA}.Debug|Any CPU.Build.0 = Debug|Any CPU
		{D61262DA-1885-9881-E23E-D523896725AA}.Release|Any CPU.ActiveCfg = Release|Any CPU
		{D61262DA-1885-9881-E23E-D523896725AA}.Release|Any CPU.Build.0 = Release|Any CPU
	EndGlobalSection
	GlobalSection(SolutionProperties) = preSolution
		HideSolutionNode = FALSE
	EndGlobalSection
EndGlobal
